{
  "version": 4,
  "terraform_version": "0.14.2",
  "serial": 5,
  "lineage": "8d16bf5a-240c-85c9-9c96-160c4b37eca3",
  "outputs": {},
  "resources": [
    {
      "mode": "data",
      "type": "local_file",
      "name": "tfstate",
      "provider": "provider[\"registry.terraform.io/hashicorp/local\"]",
      "instances": [
        {
          "schema_version": 0,
          "attributes": {
            "content": "{\n  \"version\": 4,\n  \"terraform_version\": \"1.5.4\",\n  \"serial\": 3,\n  \"lineage\": \"8d16bf5a-240c-85c9-9c96-160c4b37eca3\",\n  \"outputs\": {},\n  \"resources\": [],\n  \"check_results\": null\n}\n ",
            "content_base64": "ewogICJ2ZXJzaW9uIjogNCwKICAidGVycmFmb3JtX3ZlcnNpb24iOiAiMS41LjQiLAogICJzZXJpYWwiOiAzLAogICJsaW5lYWdlIjogIjhkMTZiZjVhLTI0MGMtODVjOS05Yzk2LTE2MGM0YjM3ZWNhMyIsCiAgIm91dHB1dHMiOiB7fSwKICAicmVzb3VyY2VzIjogW10sCiAgImNoZWNrX3Jlc3VsdHMiOiBudWxsCn0KIA==",
            "content_base64sha256": "O9QipkIaJcGEOPr+Je8gvQ0pcx0utFYcxV38MsBzuNI=",
            "content_base64sha512": "EdGD/f7kvsV4/CCPLhgRFhoT8HoOjFqIJvJJVf3A3NYhjaIzKtHWyhGD+faQU6S7TAudN7aIenbMFEKoYa8VaQ==",
            "content_md5": "ef6b265cce3c0afa8cdef002361f851d",
            "content_sha1": "bc80e552fa30df8ebf30f81c7042a97e261597d5",
            "content_sha256": "3bd422a6421a25c18438fafe25ef20bd0d29731d2eb4561cc55dfc32c073b8d2",
            "content_sha512": "11d183fdfee4bec578fc208f2e1811161a13f07a0e8c5a8826f24955fdc0dcd6218da2332ad1d6ca1183f9f69053a4bb4c0b9d37b6887a76cc1442a861af1569",
            "filename": "./terraform.tfstate",
            "id": "bc80e552fa30df8ebf30f81c7042a97e261597d5"
          },
          "sensitive_attributes": []
        }
      ]
    },
    {
      "mode": "data",
      "type": "terraform_remote_state",
      "name": "stack",
      "provider": "provider[\"terraform.io/builtin/terraform\"]",
      "instances": [
        {
          "schema_version": 0,
          "attributes": {
            "backend": "local",
            "config": {
              "value": {
                "path": "./terraform.tfstate"
              },
              "type": [
                "object",
                {
                  "path": "string"
                }
              ]
            },
            "defaults": null,
            "outputs": {
              "value": {},
              "type": [
                "object",
                {}
              ]
            },
            "workspace": null
          },
          "sensitive_attributes": []
        }
      ]
    },
    {
      "mode": "managed",
      "type": "azurerm_resource_group",
      "name": "example",
      "provider": "provider[\"registry.terraform.io/hashicorp/azurerm\"]",
      "instances": [
        {
          "schema_version": 0,
          "attributes": {
            "id": "/subscriptions/017b4d07-613e-4f55-8b18-ca7021a69780/resourceGroups/fanbase",
            "location": "eastus",
            "managed_by": "",
            "name": "fanbase",
            "tags": null,
            "timeouts": null
          },
          "sensitive_attributes": [],
          "private": "eyJlMmJmYjczMC1lY2FhLTExZTYtOGY4OC0zNDM2M2JjN2M0YzAiOnsiY3JlYXRlIjo1NDAwMDAwMDAwMDAwLCJkZWxldGUiOjU0MDAwMDAwMDAwMDAsInJlYWQiOjMwMDAwMDAwMDAwMCwidXBkYXRlIjo1NDAwMDAwMDAwMDAwfX0="
        }
      ]
    }
  ]
}
