{"version": 4, "terraform_version": "1.4.6", "serial": 11, "lineage": "0f471a29-419b-5cb4-69e6-333953486083", "outputs": {}, "resources": [{"mode": "data", "type": "local_file", "name": "tfstate", "provider": "provider[\"registry.terraform.io/hashicorp/local\"]", "instances": [{"schema_version": 0, "attributes": {"content": "{\n        \"version\" : 4,\n        \"terraform_version\" : \"1.4.6\",\n        \"serial\" : 9,\n        \"lineage\" : \"0f471a29-419b-5cb4-69e6-333953486083\",\n        \"outputs\" : {},\n        \"resources\" : [],\n        \"check_results\" : null\n    }\n", "content_base64": "ewogICAgICAgICJ2ZXJzaW9uIiA6IDQsCiAgICAgICAgInRlcnJhZm9ybV92ZXJzaW9uIiA6ICIxLjQuNiIsCiAgICAgICAgInNlcmlhbCIgOiA5LAogICAgICAgICJsaW5lYWdlIiA6ICIwZjQ3MWEyOS00MTliLTVjYjQtNjllNi0zMzM5NTM0ODYwODMiLAogICAgICAgICJvdXRwdXRzIiA6IHt9LAogICAgICAgICJyZXNvdXJjZXMiIDogW10sCiAgICAgICAgImNoZWNrX3Jlc3VsdHMiIDogbnVsbAogICAgfQo=", "content_base64sha256": "Bu8JUlnJbIh94nirKQHZ6Sjs1fqdFdmVIcBKH2P5Wvw=", "content_base64sha512": "qdChL5lSOf69j49oV5cU/0RoO5dskH5DC8o1nafI2DVktHqDz1jtmbxRC9n61SmpRHwjIbd5E9RP+wP+YV5STQ==", "content_md5": "bc5abb0b30acc11f7e0ab5a4d1b6e17b", "content_sha1": "a10e73d15e08928c1c760c682cd39d8761ecefaf", "content_sha256": "06ef095259c96c887de278ab2901d9e928ecd5fa9d15d99521c04a1f63f95afc", "content_sha512": "a9d0a12f995239febd8f8f68579714ff44683b976c907e430bca359da7c8d83564b47a83cf58ed99bc510bd9fad529a9447c2321b77913d44ffb03fe615e524d", "filename": "./terraform.tfstate", "id": "a10e73d15e08928c1c760c682cd39d8761ecefaf"}, "sensitive_attributes": []}]}, {"mode": "data", "type": "terraform_remote_state", "name": "stack", "provider": "provider[\"terraform.io/builtin/terraform\"]", "instances": [{"schema_version": 0, "attributes": {"backend": "local", "config": {"value": {"path": "./terraform.tfstate"}, "type": ["object", {"path": "string"}]}, "defaults": null, "outputs": {"value": {}, "type": ["object", {}]}, "workspace": null}, "sensitive_attributes": []}]}, {"mode": "managed", "type": "azurerm_resource_group", "name": "example", "provider": "provider[\"registry.terraform.io/hashicorp/azurerm\"]", "instances": [{"schema_version": 0, "attributes": {"id": "/subscriptions/017b4d07-613e-4f55-8b18-ca7021a69780/resourceGroups/deerh", "location": "eastus", "managed_by": "", "name": "deerh", "tags": null, "timeouts": null}, "sensitive_attributes": [], "private": "eyJlMmJmYjczMC1lY2FhLTExZTYtOGY4OC0zNDM2M2JjN2M0YzAiOnsiY3JlYXRlIjo1NDAwMDAwMDAwMDAwLCJkZWxldGUiOjU0MDAwMDAwMDAwMDAsInJlYWQiOjMwMDAwMDAwMDAwMCwidXBkYXRlIjo1NDAwMDAwMDAwMDAwfX0="}]}], "check_results": null}
